
Microsoft Visual Studio Solution File, Format Version 12.00
# Visual Studio Version 16
VisualStudioVersion = 16.0.30907.101
MinimumVisualStudioVersion = 10.0.40219.1
Project("{FAE04EC0-301F-11D3-BF4B-00C04F79EFBC}") = "Array", "ConsoleApp1\Array.csproj", "{AED8C71A-C9E5-4047-9DCD-6E72EADB9CD0}"
EndProject
Global
	GlobalSection(SolutionConfigurationPlatforms) = preSolution
		Debug|Any CPU = Debug|Any CPU
		Release|Any CPU = Release|Any CPU
	EndGlobalSection
	GlobalSection(ProjectConfigurationPlatforms) = postSolution
		{AED8C71A-C9E5-4047-9DCD-6E72EADB9CD0}.Debug|Any CPU.ActiveCfg = Debug|Any CPU
		{AED8C71A-C9E5-4047-9DCD-6E72EADB9CD0}.Debug|Any CPU.Build.0 = Debug|Any CPU
		{AED8C71A-C9E5-4047-9DCD-6E72EADB9CD0}.Release|Any CPU.ActiveCfg = Release|Any CPU
		{AED8C71A-C9E5-4047-9DCD-6E72EADB9CD0}.Release|Any CPU.Build.0 = Release|Any CPU
	EndGlobalSection
	GlobalSection(SolutionProperties) = preSolution
		HideSolutionNode = FALSE
	EndGlobalSection
	GlobalSection(ExtensibilityGlobals) = postSolution
		SolutionGuid = {F2F7E1CA-9129-46DB-98B5-1FDA14B3C48B}
	EndGlobalSection
EndGlobal
