
Microsoft Visual Studio Solution File, Format Version 12.00
# Visual Studio Version 16
VisualStudioVersion = 16.0.30907.101
MinimumVisualStudioVersion = 10.0.40219.1
Project("{FAE04EC0-301F-11D3-BF4B-00C04F79EFBC}") = "Grade", "Grade\Grade.csproj", "{66CCC431-E340-43E4-AE34-175B2E5F1446}"
EndProject
Global
	GlobalSection(SolutionConfigurationPlatforms) = preSolution
		Debug|Any CPU = Debug|Any CPU
		Release|Any CPU = Release|Any CPU
	EndGlobalSection
	GlobalSection(ProjectConfigurationPlatforms) = postSolution
		{66CCC431-E340-43E4-AE34-175B2E5F1446}.Debug|Any CPU.ActiveCfg = Debug|Any CPU
		{66CCC431-E340-43E4-AE34-175B2E5F1446}.Debug|Any CPU.Build.0 = Debug|Any CPU
		{66CCC431-E340-43E4-AE34-175B2E5F1446}.Release|Any CPU.ActiveCfg = Release|Any CPU
		{66CCC431-E340-43E4-AE34-175B2E5F1446}.Release|Any CPU.Build.0 = Release|Any CPU
	EndGlobalSection
	GlobalSection(SolutionProperties) = preSolution
		HideSolutionNode = FALSE
	EndGlobalSection
	GlobalSection(ExtensibilityGlobals) = postSolution
		SolutionGuid = {6BBAA4C7-F28E-4002-A1BF-4D6D0B13819F}
	EndGlobalSection
EndGlobal
